PODS:
  - Kingfisher (5.4.0)
  - SnapKit (5.0.0)

DEPENDENCIES:
  - Kingfisher (~> 5.0)
  - SnapKit (~> 5.0.0)

SPEC REPOS:
  https://github.com/cocoapods/specs.git:
    - Kingfisher
    - SnapKit

SPEC CHECKSUMS:
  Kingfisher: 9c8f2cc6710334e06f32ba2b45e77707d5e2f0c9
  SnapKit: fd22d10eb9aff484d79a8724eab922c1ddf89bcf

PODFILE CHECKSUM: 95d14f140cbb796ada3129d7f767545fdee67f08

COCOAPODS: 1.6.1
