// !$*UTF8*$!
{
	archiveVersion = 1;
	classes = {
	};
	objectVersion = 50;
	objects = {

/* Begin PBXBuildFile section */

		207FFE7C22DEC9EE0009E973 /* InputPhoneNumberViewController.swift in Sources */ = {isa = PBXBuildFile; fileRef = 207FFE7622DEC9EE0009E973 /* InputPhoneNumberViewController.swift */; };
		207FFE7D22DEC9EE0009E973 /* SignUpMainViewController.swift in Sources */ = {isa = PBXBuildFile; fileRef = 207FFE7722DEC9EE0009E973 /* SignUpMainViewController.swift */; };
		207FFE7E22DEC9EE0009E973 /* LoginPageViewController.swift in Sources */ = {isa = PBXBuildFile; fileRef = 207FFE7822DEC9EE0009E973 /* LoginPageViewController.swift */; };
		207FFE7F22DEC9EE0009E973 /* MakeIdPageViewController.swift in Sources */ = {isa = PBXBuildFile; fileRef = 207FFE7922DEC9EE0009E973 /* MakeIdPageViewController.swift */; };
		207FFE8022DEC9EE0009E973 /* FindPassWordPageViewController.swift in Sources */ = {isa = PBXBuildFile; fileRef = 207FFE7A22DEC9EE0009E973 /* FindPassWordPageViewController.swift */; };
		207FFE8122DEC9EE0009E973 /* OptionLoginPageViewController.swift in Sources */ = {isa = PBXBuildFile; fileRef = 207FFE7B22DEC9EE0009E973 /* OptionLoginPageViewController.swift */; };

		2080604122DDC067008672D9 /* ConfirmNoticeViewController.swift in Sources */ = {isa = PBXBuildFile; fileRef = 2080604022DDC067008672D9 /* ConfirmNoticeViewController.swift */; };
		4353B8D222CF51F6004BD807 /* AppDelegate.swift in Sources */ = {isa = PBXBuildFile; fileRef = 4353B8D122CF51F6004BD807 /* AppDelegate.swift */; };
		4353B8DC22CF51F9004BD807 /* LaunchScreen.storyboard in Resources */ = {isa = PBXBuildFile; fileRef = 4353B8DA22CF51F9004BD807 /* LaunchScreen.storyboard */; };
		4353B8E422D0797E004BD807 /* MainViewController.swift in Sources */ = {isa = PBXBuildFile; fileRef = 4353B8E322D0797E004BD807 /* MainViewController.swift */; };
		4353B8EE22D088A3004BD807 /* TabbarController.swift in Sources */ = {isa = PBXBuildFile; fileRef = 4353B8ED22D088A3004BD807 /* TabbarController.swift */; };
		4353B8F022D22782004BD807 /* SearchBarView.swift in Sources */ = {isa = PBXBuildFile; fileRef = 4353B8EF22D22782004BD807 /* SearchBarView.swift */; };
		4353B8F222D319F2004BD807 /* MainView.swift in Sources */ = {isa = PBXBuildFile; fileRef = 4353B8F122D319F2004BD807 /* MainView.swift */; };
		4353B8F422D31D68004BD807 /* MainCategoryTableCell.swift in Sources */ = {isa = PBXBuildFile; fileRef = 4353B8F322D31D68004BD807 /* MainCategoryTableCell.swift */; };
		4353B8F822D327C2004BD807 /* MainCategoryCollectCell.swift in Sources */ = {isa = PBXBuildFile; fileRef = 4353B8F622D327C2004BD807 /* MainCategoryCollectCell.swift */; };
		4353B8FD22D47C02004BD807 /* UIExtension.swift in Sources */ = {isa = PBXBuildFile; fileRef = 4353B8FC22D47C02004BD807 /* UIExtension.swift */; };
		4353B90422D484FA004BD807 /* StandardUIValue.swift in Sources */ = {isa = PBXBuildFile; fileRef = 4353B90322D484FA004BD807 /* StandardUIValue.swift */; };
		4353B90822D48EB8004BD807 /* MainRecommendHouseCollectCell.swift in Sources */ = {isa = PBXBuildFile; fileRef = 4353B90722D48EB8004BD807 /* MainRecommendHouseCollectCell.swift */; };
		4353B90A22D4A5A6004BD807 /* MainRecommendHouseTableCell.swift in Sources */ = {isa = PBXBuildFile; fileRef = 4353B90922D4A5A6004BD807 /* MainRecommendHouseTableCell.swift */; };
		4353B90C22D4B755004BD807 /* Assets.xcassets in Resources */ = {isa = PBXBuildFile; fileRef = 4353B90B22D4B755004BD807 /* Assets.xcassets */; };
		4353B90E22D5AE12004BD807 /* MainFullImageTableCell.swift in Sources */ = {isa = PBXBuildFile; fileRef = 4353B90D22D5AE12004BD807 /* MainFullImageTableCell.swift */; };
		4353B91022D6DCCB004BD807 /* LoginTestViewController.swift in Sources */ = {isa = PBXBuildFile; fileRef = 4353B90F22D6DCCB004BD807 /* LoginTestViewController.swift */; };
		4353B91222D73B80004BD807 /* FourSquareTableCell.swift in Sources */ = {isa = PBXBuildFile; fileRef = 4353B91122D73B80004BD807 /* FourSquareTableCell.swift */; };
		4353B91422D73E0D004BD807 /* FourSquareCollectCell.swift in Sources */ = {isa = PBXBuildFile; fileRef = 4353B91322D73E0D004BD807 /* FourSquareCollectCell.swift */; };
		4353B91622D755F1004BD807 /* MainLuxeHouseTableCell.swift in Sources */ = {isa = PBXBuildFile; fileRef = 4353B91522D755F1004BD807 /* MainLuxeHouseTableCell.swift */; };
		4353B91822D75605004BD807 /* MainLuxeHouseCollectCell.swift in Sources */ = {isa = PBXBuildFile; fileRef = 4353B91722D75605004BD807 /* MainLuxeHouseCollectCell.swift */; };
		4353B9FC22DC3A69004BD807 /* CalenderViewController.swift in Sources */ = {isa = PBXBuildFile; fileRef = 4353B9FB22DC3A69004BD807 /* CalenderViewController.swift */; };
		4353BA1E22DC40B5004BD807 /* FSCalendarCollectionView.m in Sources */ = {isa = PBXBuildFile; fileRef = 4353B9FE22DC40B5004BD807 /* FSCalendarCollectionView.m */; };
		4353BA1F22DC40B5004BD807 /* FSCalendarDelegationProxy.m in Sources */ = {isa = PBXBuildFile; fileRef = 4353BA0122DC40B5004BD807 /* FSCalendarDelegationProxy.m */; };
		4353BA2022DC40B5004BD807 /* FSCalendarDelegationFactory.m in Sources */ = {isa = PBXBuildFile; fileRef = 4353BA0322DC40B5004BD807 /* FSCalendarDelegationFactory.m */; };
		4353BA2122DC40B5004BD807 /* FSCalendarCell.m in Sources */ = {isa = PBXBuildFile; fileRef = 4353BA0A22DC40B5004BD807 /* FSCalendarCell.m */; };
		4353BA2222DC40B5004BD807 /* FSCalendarStickyHeader.m in Sources */ = {isa = PBXBuildFile; fileRef = 4353BA0B22DC40B5004BD807 /* FSCalendarStickyHeader.m */; };
		4353BA2322DC40B5004BD807 /* FSCalendar.m in Sources */ = {isa = PBXBuildFile; fileRef = 4353BA0C22DC40B5004BD807 /* FSCalendar.m */; };
		4353BA2422DC40B5004BD807 /* FSCalendarCollectionViewLayout.m in Sources */ = {isa = PBXBuildFile; fileRef = 4353BA0D22DC40B5004BD807 /* FSCalendarCollectionViewLayout.m */; };
		4353BA2522DC40B5004BD807 /* FSCalendarWeekdayView.m in Sources */ = {isa = PBXBuildFile; fileRef = 4353BA0E22DC40B5004BD807 /* FSCalendarWeekdayView.m */; };
		4353BA2622DC40B5004BD807 /* FSCalendarSeparatorDecorationView.m in Sources */ = {isa = PBXBuildFile; fileRef = 4353BA1122DC40B5004BD807 /* FSCalendarSeparatorDecorationView.m */; };
		4353BA2722DC40B5004BD807 /* FSCalendarExtensions.m in Sources */ = {isa = PBXBuildFile; fileRef = 4353BA1322DC40B5004BD807 /* FSCalendarExtensions.m */; };
		4353BA2822DC40B5004BD807 /* FSCalendarConstants.m in Sources */ = {isa = PBXBuildFile; fileRef = 4353BA1522DC40B5004BD807 /* FSCalendarConstants.m */; };
		4353BA2922DC40B5004BD807 /* FSCalendarCalculator.m in Sources */ = {isa = PBXBuildFile; fileRef = 4353BA1622DC40B5004BD807 /* FSCalendarCalculator.m */; };
		4353BA2A22DC40B5004BD807 /* FSCalendarHeaderView.m in Sources */ = {isa = PBXBuildFile; fileRef = 4353BA1722DC40B5004BD807 /* FSCalendarHeaderView.m */; };
		4353BA2B22DC40B5004BD807 /* FSCalendarTransitionCoordinator.m in Sources */ = {isa = PBXBuildFile; fileRef = 4353BA1B22DC40B5004BD807 /* FSCalendarTransitionCoordinator.m */; };
		4353BA2D22DC40B5004BD807 /* FSCalendarAppearance.m in Sources */ = {isa = PBXBuildFile; fileRef = 4353BA1D22DC40B5004BD807 /* FSCalendarAppearance.m */; };
		4353BA3122DD7F41004BD807 /* SearchBarTableView.swift in Sources */ = {isa = PBXBuildFile; fileRef = 4353BA3022DD7F41004BD807 /* SearchBarTableView.swift */; };
		4353BA3322DDB7CF004BD807 /* FilterPeopleViewController.swift in Sources */ = {isa = PBXBuildFile; fileRef = 4353BA3222DDB7CF004BD807 /* FilterPeopleViewController.swift */; };
		4353BA3522DDB7DA004BD807 /* FilterRemainsViewController.swift in Sources */ = {isa = PBXBuildFile; fileRef = 4353BA3422DDB7DA004BD807 /* FilterRemainsViewController.swift */; };
		4353BA3C22DEC90B004BD807 /* FindPassWordPageViewController.swift in Sources */ = {isa = PBXBuildFile; fileRef = 4353BA3622DEC90B004BD807 /* FindPassWordPageViewController.swift */; };
		4353BA3D22DEC90B004BD807 /* InputPhoneNumberViewController.swift in Sources */ = {isa = PBXBuildFile; fileRef = 4353BA3722DEC90B004BD807 /* InputPhoneNumberViewController.swift */; };
		4353BA3E22DEC90B004BD807 /* MakeIdPageViewController.swift in Sources */ = {isa = PBXBuildFile; fileRef = 4353BA3822DEC90B004BD807 /* MakeIdPageViewController.swift */; };
		4353BA3F22DEC90B004BD807 /* OptionLoginPageViewController.swift in Sources */ = {isa = PBXBuildFile; fileRef = 4353BA3922DEC90B004BD807 /* OptionLoginPageViewController.swift */; };
		4353BA4022DEC90B004BD807 /* LoginPageViewController.swift in Sources */ = {isa = PBXBuildFile; fileRef = 4353BA3A22DEC90B004BD807 /* LoginPageViewController.swift */; };
		4353BA4122DEC90B004BD807 /* SignUpMainViewController.swift in Sources */ = {isa = PBXBuildFile; fileRef = 4353BA3B22DEC90B004BD807 /* SignUpMainViewController.swift */; };
		8D0D786E22D07C9300F61F0B /* TripViewController.swift in Sources */ = {isa = PBXBuildFile; fileRef = 8D0D786D22D07C9300F61F0B /* TripViewController.swift */; };
		8D0D787022D07DE600F61F0B /* TripIntroTableViewCell.swift in Sources */ = {isa = PBXBuildFile; fileRef = 8D0D786F22D07DE600F61F0B /* TripIntroTableViewCell.swift */; };
		8D0D787222D0810300F61F0B /* SpecialTripTableViewCell.swift in Sources */ = {isa = PBXBuildFile; fileRef = 8D0D787122D0810300F61F0B /* SpecialTripTableViewCell.swift */; };
		8D0D787522D089AD00F61F0B /* TripIntroCollectionViewCell.swift in Sources */ = {isa = PBXBuildFile; fileRef = 8D0D787422D089AD00F61F0B /* TripIntroCollectionViewCell.swift */; };
		8D0D788622D20A0000F61F0B /* AirbnbCereal-Bold.ttf in Resources */ = {isa = PBXBuildFile; fileRef = 8D0D788322D209FB00F61F0B /* AirbnbCereal-Bold.ttf */; };
		8D0D788722D20A0200F61F0B /* AirbnbCereal-Book.ttf in Resources */ = {isa = PBXBuildFile; fileRef = 8D0D788422D209FB00F61F0B /* AirbnbCereal-Book.ttf */; };
		8D0D788822D20A0400F61F0B /* AirbnbCereal-Medium.ttf in Resources */ = {isa = PBXBuildFile; fileRef = 8D0D788522D209FB00F61F0B /* AirbnbCereal-Medium.ttf */; };
		8D0D788A22D20B9100F61F0B /* SpecialTripCollectionViewCell.swift in Sources */ = {isa = PBXBuildFile; fileRef = 8D0D788922D20B9100F61F0B /* SpecialTripCollectionViewCell.swift */; };
		8D0D788C22D2220700F61F0B /* SeoulRecommenedTripTableViewCell.swift in Sources */ = {isa = PBXBuildFile; fileRef = 8D0D788B22D2220700F61F0B /* SeoulRecommenedTripTableViewCell.swift */; };
		8D0D788E22D222A400F61F0B /* TripInfoCollectionViewCell.swift in Sources */ = {isa = PBXBuildFile; fileRef = 8D0D788D22D222A400F61F0B /* TripInfoCollectionViewCell.swift */; };
		8D0D789222D333BF00F61F0B /* TodaySeoulExperienceTableViewCell.swift in Sources */ = {isa = PBXBuildFile; fileRef = 8D0D789122D333BF00F61F0B /* TodaySeoulExperienceTableViewCell.swift */; };
		8D0D789A22D3610C00F61F0B /* SeoulRecommendedDetailViewController.swift in Sources */ = {isa = PBXBuildFile; fileRef = 8D0D789922D3610C00F61F0B /* SeoulRecommendedDetailViewController.swift */; };
		8D0D789D22D3729000F61F0B /* Protocols.swift in Sources */ = {isa = PBXBuildFile; fileRef = 8D0D789C22D3729000F61F0B /* Protocols.swift */; };
		8D0D78A122D4598200F61F0B /* TripIntroData.swift in Sources */ = {isa = PBXBuildFile; fileRef = 8D0D78A022D4598200F61F0B /* TripIntroData.swift */; };
		8D0D78A322D459AC00F61F0B /* SpecialTripData.swift in Sources */ = {isa = PBXBuildFile; fileRef = 8D0D78A222D459AC00F61F0B /* SpecialTripData.swift */; };
		8D0D78A522D459C900F61F0B /* SeoulRecommendedTripData.swift in Sources */ = {isa = PBXBuildFile; fileRef = 8D0D78A422D459C900F61F0B /* SeoulRecommendedTripData.swift */; };
		8D0D78A722D459E200F61F0B /* TodaySeoulExperienceData.swift in Sources */ = {isa = PBXBuildFile; fileRef = 8D0D78A622D459E200F61F0B /* TodaySeoulExperienceData.swift */; };
		8D0D78AA22D4754200F61F0B /* SeoulRecommendTableViewCell.swift in Sources */ = {isa = PBXBuildFile; fileRef = 8D0D78A922D4754200F61F0B /* SeoulRecommendTableViewCell.swift */; };
		8D0D78AC22D47AA700F61F0B /* InfoView.swift in Sources */ = {isa = PBXBuildFile; fileRef = 8D0D78AB22D47AA700F61F0B /* InfoView.swift */; };
		8D0D78AE22D485B000F61F0B /* SeoulRecommendDetailData.swift in Sources */ = {isa = PBXBuildFile; fileRef = 8D0D78AD22D485B000F61F0B /* SeoulRecommendDetailData.swift */; };
		8D0D78B022D48AE500F61F0B /* TopScrollView.swift in Sources */ = {isa = PBXBuildFile; fileRef = 8D0D78AF22D48AE500F61F0B /* TopScrollView.swift */; };
		8D0D78B222D4B71500F61F0B /* TableviewTopView.swift in Sources */ = {isa = PBXBuildFile; fileRef = 8D0D78B122D4B71500F61F0B /* TableviewTopView.swift */; };
		8D0D78B422D5E5E600F61F0B /* BottomView.swift in Sources */ = {isa = PBXBuildFile; fileRef = 8D0D78B322D5E5E600F61F0B /* BottomView.swift */; };
		8D0D78B622D6060600F61F0B /* HostIntroTableViewCell.swift in Sources */ = {isa = PBXBuildFile; fileRef = 8D0D78B522D6060600F61F0B /* HostIntroTableViewCell.swift */; };
		8D0D78DA22D74BDC00F61F0B /* PlaceTableViewCell.swift in Sources */ = {isa = PBXBuildFile; fileRef = 8D0D78D922D74BDC00F61F0B /* PlaceTableViewCell.swift */; };
		8D0D78DC22D74D2F00F61F0B /* PlaceData.swift in Sources */ = {isa = PBXBuildFile; fileRef = 8D0D78DB22D74D2F00F61F0B /* PlaceData.swift */; };
		8D0D78DE22D864F700F61F0B /* SpecialTripDetailData.swift in Sources */ = {isa = PBXBuildFile; fileRef = 8D0D78DD22D864F700F61F0B /* SpecialTripDetailData.swift */; };
		8D0D791C22DAFD8600F61F0B /* AccommodationView.swift in Sources */ = {isa = PBXBuildFile; fileRef = 8D0D791B22DAFD8600F61F0B /* AccommodationView.swift */; };
		8D0D792022DB009100F61F0B /* AccommodationTopLabelTableCell.swift in Sources */ = {isa = PBXBuildFile; fileRef = 8D0D791F22DB009100F61F0B /* AccommodationTopLabelTableCell.swift */; };
		8D0D792322DB02D900F61F0B /* HouseViewController.swift in Sources */ = {isa = PBXBuildFile; fileRef = 8D0D792222DB02D900F61F0B /* HouseViewController.swift */; };
		8D0D792522DB29B200F61F0B /* HouseLuxeTableCell.swift in Sources */ = {isa = PBXBuildFile; fileRef = 8D0D792422DB29B200F61F0B /* HouseLuxeTableCell.swift */; };
		8D0D792722DB328900F61F0B /* HousePlusTableCell.swift in Sources */ = {isa = PBXBuildFile; fileRef = 8D0D792622DB328900F61F0B /* HousePlusTableCell.swift */; };
		8D0D792922DB367800F61F0B /* HousePlusCollectionCell.swift in Sources */ = {isa = PBXBuildFile; fileRef = 8D0D792822DB367800F61F0B /* HousePlusCollectionCell.swift */; };
		8D0D792F22DB7B2600F61F0B /* AllHouseLabelTableCell.swift in Sources */ = {isa = PBXBuildFile; fileRef = 8D0D792E22DB7B2600F61F0B /* AllHouseLabelTableCell.swift */; };
		8D0D793122DB841900F61F0B /* AllHousesTableCell.swift in Sources */ = {isa = PBXBuildFile; fileRef = 8D0D793022DB841900F61F0B /* AllHousesTableCell.swift */; };
		8D0D793322DB86A100F61F0B /* AllHousesScrollImageView.swift in Sources */ = {isa = PBXBuildFile; fileRef = 8D0D793222DB86A100F61F0B /* AllHousesScrollImageView.swift */; };
		8D0D793522DC5F0700F61F0B /* TripLocalHostingViewController.swift in Sources */ = {isa = PBXBuildFile; fileRef = 8D0D793422DC5F0700F61F0B /* TripLocalHostingViewController.swift */; };
		8D0D793922DC9A2900F61F0B /* VideosDetailViewController.swift in Sources */ = {isa = PBXBuildFile; fileRef = 8D0D793822DC9A2900F61F0B /* VideosDetailViewController.swift */; };
		8D0D793C22DCA57B00F61F0B /* VideosDetailTableCell.swift in Sources */ = {isa = PBXBuildFile; fileRef = 8D0D793B22DCA57B00F61F0B /* VideosDetailTableCell.swift */; };
		8D0D793E22DD6C1600F61F0B /* VideoView.swift in Sources */ = {isa = PBXBuildFile; fileRef = 8D0D793D22DD6C1600F61F0B /* VideoView.swift */; };
		8D0D794222DDE50900F61F0B /* AVFoundationViewController.swift in Sources */ = {isa = PBXBuildFile; fileRef = 8D0D794122DDE50900F61F0B /* AVFoundationViewController.swift */; };
		8D0D794422DDE64900F61F0B /* VideoCollectionViewCell.swift in Sources */ = {isa = PBXBuildFile; fileRef = 8D0D794322DDE64900F61F0B /* VideoCollectionViewCell.swift */; };
		9F10F3C31A75AE56BBBE8FE9 /* Pods_MyAirbnb.framework in Frameworks */ = {isa = PBXBuildFile; fileRef = 5895FA9D40FD45C305945B10 /* Pods_MyAirbnb.framework */; };
/* End PBXBuildFile section */

/* Begin PBXFileReference section */
		1B374C2A2B972FE4E8580B8D /* Pods-MyAirbnb.release.xcconfig */ = {isa = PBXFileReference; includeInIndex = 1; lastKnownFileType = text.xcconfig; name = "Pods-MyAirbnb.release.xcconfig"; path = "Target Support Files/Pods-MyAirbnb/Pods-MyAirbnb.release.xcconfig"; sourceTree = "<group>"; };

		207FFE7622DEC9EE0009E973 /* InputPhoneNumberViewController.swift */ = {isa = PBXFileReference; fileEncoding = 4; lastKnownFileType = sourcecode.swift; path = InputPhoneNumberViewController.swift; sourceTree = "<group>"; };
		207FFE7722DEC9EE0009E973 /* SignUpMainViewController.swift */ = {isa = PBXFileReference; fileEncoding = 4; lastKnownFileType = sourcecode.swift; path = SignUpMainViewController.swift; sourceTree = "<group>"; };
		207FFE7822DEC9EE0009E973 /* LoginPageViewController.swift */ = {isa = PBXFileReference; fileEncoding = 4; lastKnownFileType = sourcecode.swift; path = LoginPageViewController.swift; sourceTree = "<group>"; };
		207FFE7922DEC9EE0009E973 /* MakeIdPageViewController.swift */ = {isa = PBXFileReference; fileEncoding = 4; lastKnownFileType = sourcecode.swift; path = MakeIdPageViewController.swift; sourceTree = "<group>"; };
		207FFE7A22DEC9EE0009E973 /* FindPassWordPageViewController.swift */ = {isa = PBXFileReference; fileEncoding = 4; lastKnownFileType = sourcecode.swift; path = FindPassWordPageViewController.swift; sourceTree = "<group>"; };
		207FFE7B22DEC9EE0009E973 /* OptionLoginPageViewController.swift */ = {isa = PBXFileReference; fileEncoding = 4; lastKnownFileType = sourcecode.swift; path = OptionLoginPageViewController.swift; sourceTree = "<group>"; };

		2080604022DDC067008672D9 /* ConfirmNoticeViewController.swift */ = {isa = PBXFileReference; lastKnownFileType = sourcecode.swift; path = ConfirmNoticeViewController.swift; sourceTree = "<group>"; };
		4353B8CE22CF51F6004BD807 /* MyAirbnb.app */ = {isa = PBXFileReference; explicitFileType = wrapper.application; includeInIndex = 0; path = MyAirbnb.app; sourceTree = BUILT_PRODUCTS_DIR; };
		4353B8D122CF51F6004BD807 /* AppDelegate.swift */ = {isa = PBXFileReference; lastKnownFileType = sourcecode.swift; path = AppDelegate.swift; sourceTree = "<group>"; };
		4353B8DB22CF51F9004BD807 /* Base */ = {isa = PBXFileReference; lastKnownFileType = file.storyboard; name = Base; path = Base.lproj/LaunchScreen.storyboard; sourceTree = "<group>"; };
		4353B8DD22CF51F9004BD807 /* Info.plist */ = {isa = PBXFileReference; lastKnownFileType = text.plist.xml; path = Info.plist; sourceTree = "<group>"; };
		4353B8E322D0797E004BD807 /* MainViewController.swift */ = {isa = PBXFileReference; lastKnownFileType = sourcecode.swift; path = MainViewController.swift; sourceTree = "<group>"; };
		4353B8ED22D088A3004BD807 /* TabbarController.swift */ = {isa = PBXFileReference; lastKnownFileType = sourcecode.swift; path = TabbarController.swift; sourceTree = "<group>"; };
		4353B8EF22D22782004BD807 /* SearchBarView.swift */ = {isa = PBXFileReference; lastKnownFileType = sourcecode.swift; path = SearchBarView.swift; sourceTree = "<group>"; };
		4353B8F122D319F2004BD807 /* MainView.swift */ = {isa = PBXFileReference; lastKnownFileType = sourcecode.swift; path = MainView.swift; sourceTree = "<group>"; };
		4353B8F322D31D68004BD807 /* MainCategoryTableCell.swift */ = {isa = PBXFileReference; lastKnownFileType = sourcecode.swift; path = MainCategoryTableCell.swift; sourceTree = "<group>"; };
		4353B8F622D327C2004BD807 /* MainCategoryCollectCell.swift */ = {isa = PBXFileReference; lastKnownFileType = sourcecode.swift; path = MainCategoryCollectCell.swift; sourceTree = "<group>"; };
		4353B8FC22D47C02004BD807 /* UIExtension.swift */ = {isa = PBXFileReference; lastKnownFileType = sourcecode.swift; path = UIExtension.swift; sourceTree = "<group>"; };
		4353B90322D484FA004BD807 /* StandardUIValue.swift */ = {isa = PBXFileReference; lastKnownFileType = sourcecode.swift; path = StandardUIValue.swift; sourceTree = "<group>"; };
		4353B90722D48EB8004BD807 /* MainRecommendHouseCollectCell.swift */ = {isa = PBXFileReference; lastKnownFileType = sourcecode.swift; path = MainRecommendHouseCollectCell.swift; sourceTree = "<group>"; };
		4353B90922D4A5A6004BD807 /* MainRecommendHouseTableCell.swift */ = {isa = PBXFileReference; lastKnownFileType = sourcecode.swift; path = MainRecommendHouseTableCell.swift; sourceTree = "<group>"; };
		4353B90B22D4B755004BD807 /* Assets.xcassets */ = {isa = PBXFileReference; lastKnownFileType = folder.assetcatalog; path = Assets.xcassets; sourceTree = "<group>"; };
		4353B90D22D5AE12004BD807 /* MainFullImageTableCell.swift */ = {isa = PBXFileReference; lastKnownFileType = sourcecode.swift; path = MainFullImageTableCell.swift; sourceTree = "<group>"; };
		4353B90F22D6DCCB004BD807 /* LoginTestViewController.swift */ = {isa = PBXFileReference; lastKnownFileType = sourcecode.swift; path = LoginTestViewController.swift; sourceTree = "<group>"; };
		4353B91122D73B80004BD807 /* FourSquareTableCell.swift */ = {isa = PBXFileReference; lastKnownFileType = sourcecode.swift; path = FourSquareTableCell.swift; sourceTree = "<group>"; };
		4353B91322D73E0D004BD807 /* FourSquareCollectCell.swift */ = {isa = PBXFileReference; lastKnownFileType = sourcecode.swift; path = FourSquareCollectCell.swift; sourceTree = "<group>"; };
		4353B91522D755F1004BD807 /* MainLuxeHouseTableCell.swift */ = {isa = PBXFileReference; lastKnownFileType = sourcecode.swift; path = MainLuxeHouseTableCell.swift; sourceTree = "<group>"; };
		4353B91722D75605004BD807 /* MainLuxeHouseCollectCell.swift */ = {isa = PBXFileReference; lastKnownFileType = sourcecode.swift; path = MainLuxeHouseCollectCell.swift; sourceTree = "<group>"; };
		4353B9FB22DC3A69004BD807 /* CalenderViewController.swift */ = {isa = PBXFileReference; lastKnownFileType = sourcecode.swift; path = CalenderViewController.swift; sourceTree = "<group>"; };
		4353B9FE22DC40B5004BD807 /* FSCalendarCollectionView.m */ = {isa = PBXFileReference; fileEncoding = 4; lastKnownFileType = sourcecode.c.objc; path = FSCalendarCollectionView.m; sourceTree = "<group>"; };
		4353B9FF22DC40B5004BD807 /* FSCalendarWeekdayView.h */ = {isa = PBXFileReference; fileEncoding = 4; lastKnownFileType = sourcecode.c.h; path = FSCalendarWeekdayView.h; sourceTree = "<group>"; };
		4353BA0022DC40B5004BD807 /* FSCalendarCollectionViewLayout.h */ = {isa = PBXFileReference; fileEncoding = 4; lastKnownFileType = sourcecode.c.h; path = FSCalendarCollectionViewLayout.h; sourceTree = "<group>"; };
		4353BA0122DC40B5004BD807 /* FSCalendarDelegationProxy.m */ = {isa = PBXFileReference; fileEncoding = 4; lastKnownFileType = sourcecode.c.objc; path = FSCalendarDelegationProxy.m; sourceTree = "<group>"; };
		4353BA0222DC40B5004BD807 /* FSCalendarExtensions.h */ = {isa = PBXFileReference; fileEncoding = 4; lastKnownFileType = sourcecode.c.h; path = FSCalendarExtensions.h; sourceTree = "<group>"; };
		4353BA0322DC40B5004BD807 /* FSCalendarDelegationFactory.m */ = {isa = PBXFileReference; fileEncoding = 4; lastKnownFileType = sourcecode.c.objc; path = FSCalendarDelegationFactory.m; sourceTree = "<group>"; };
		4353BA0422DC40B5004BD807 /* FSCalendarSeparatorDecorationView.h */ = {isa = PBXFileReference; fileEncoding = 4; lastKnownFileType = sourcecode.c.h; path = FSCalendarSeparatorDecorationView.h; sourceTree = "<group>"; };
		4353BA0522DC40B5004BD807 /* FSCalendarCalculator.h */ = {isa = PBXFileReference; fileEncoding = 4; lastKnownFileType = sourcecode.c.h; path = FSCalendarCalculator.h; sourceTree = "<group>"; };
		4353BA0622DC40B5004BD807 /* FSCalendarHeaderView.h */ = {isa = PBXFileReference; fileEncoding = 4; lastKnownFileType = sourcecode.c.h; path = FSCalendarHeaderView.h; sourceTree = "<group>"; };
		4353BA0722DC40B5004BD807 /* FSCalendarConstants.h */ = {isa = PBXFileReference; fileEncoding = 4; lastKnownFileType = sourcecode.c.h; path = FSCalendarConstants.h; sourceTree = "<group>"; };
		4353BA0822DC40B5004BD807 /* FSCalendarAppearance.h */ = {isa = PBXFileReference; fileEncoding = 4; lastKnownFileType = sourcecode.c.h; path = FSCalendarAppearance.h; sourceTree = "<group>"; };
		4353BA0922DC40B5004BD807 /* FSCalendarTransitionCoordinator.h */ = {isa = PBXFileReference; fileEncoding = 4; lastKnownFileType = sourcecode.c.h; path = FSCalendarTransitionCoordinator.h; sourceTree = "<group>"; };
		4353BA0A22DC40B5004BD807 /* FSCalendarCell.m */ = {isa = PBXFileReference; fileEncoding = 4; lastKnownFileType = sourcecode.c.objc; path = FSCalendarCell.m; sourceTree = "<group>"; };
		4353BA0B22DC40B5004BD807 /* FSCalendarStickyHeader.m */ = {isa = PBXFileReference; fileEncoding = 4; lastKnownFileType = sourcecode.c.objc; path = FSCalendarStickyHeader.m; sourceTree = "<group>"; };
		4353BA0C22DC40B5004BD807 /* FSCalendar.m */ = {isa = PBXFileReference; fileEncoding = 4; lastKnownFileType = sourcecode.c.objc; path = FSCalendar.m; sourceTree = "<group>"; };
		4353BA0D22DC40B5004BD807 /* FSCalendarCollectionViewLayout.m */ = {isa = PBXFileReference; fileEncoding = 4; lastKnownFileType = sourcecode.c.objc; path = FSCalendarCollectionViewLayout.m; sourceTree = "<group>"; };
		4353BA0E22DC40B5004BD807 /* FSCalendarWeekdayView.m */ = {isa = PBXFileReference; fileEncoding = 4; lastKnownFileType = sourcecode.c.objc; path = FSCalendarWeekdayView.m; sourceTree = "<group>"; };
		4353BA0F22DC40B5004BD807 /* FSCalendarCollectionView.h */ = {isa = PBXFileReference; fileEncoding = 4; lastKnownFileType = sourcecode.c.h; path = FSCalendarCollectionView.h; sourceTree = "<group>"; };
		4353BA1022DC40B5004BD807 /* FSCalendarDynamicHeader.h */ = {isa = PBXFileReference; fileEncoding = 4; lastKnownFileType = sourcecode.c.h; path = FSCalendarDynamicHeader.h; sourceTree = "<group>"; };
		4353BA1122DC40B5004BD807 /* FSCalendarSeparatorDecorationView.m */ = {isa = PBXFileReference; fileEncoding = 4; lastKnownFileType = sourcecode.c.objc; path = FSCalendarSeparatorDecorationView.m; sourceTree = "<group>"; };
		4353BA1222DC40B5004BD807 /* FSCalendarDelegationFactory.h */ = {isa = PBXFileReference; fileEncoding = 4; lastKnownFileType = sourcecode.c.h; path = FSCalendarDelegationFactory.h; sourceTree = "<group>"; };
		4353BA1322DC40B5004BD807 /* FSCalendarExtensions.m */ = {isa = PBXFileReference; fileEncoding = 4; lastKnownFileType = sourcecode.c.objc; path = FSCalendarExtensions.m; sourceTree = "<group>"; };
		4353BA1422DC40B5004BD807 /* FSCalendarDelegationProxy.h */ = {isa = PBXFileReference; fileEncoding = 4; lastKnownFileType = sourcecode.c.h; path = FSCalendarDelegationProxy.h; sourceTree = "<group>"; };
		4353BA1522DC40B5004BD807 /* FSCalendarConstants.m */ = {isa = PBXFileReference; fileEncoding = 4; lastKnownFileType = sourcecode.c.objc; path = FSCalendarConstants.m; sourceTree = "<group>"; };
		4353BA1622DC40B5004BD807 /* FSCalendarCalculator.m */ = {isa = PBXFileReference; fileEncoding = 4; lastKnownFileType = sourcecode.c.objc; path = FSCalendarCalculator.m; sourceTree = "<group>"; };
		4353BA1722DC40B5004BD807 /* FSCalendarHeaderView.m */ = {isa = PBXFileReference; fileEncoding = 4; lastKnownFileType = sourcecode.c.objc; path = FSCalendarHeaderView.m; sourceTree = "<group>"; };
		4353BA1822DC40B5004BD807 /* FSCalendarStickyHeader.h */ = {isa = PBXFileReference; fileEncoding = 4; lastKnownFileType = sourcecode.c.h; path = FSCalendarStickyHeader.h; sourceTree = "<group>"; };
		4353BA1922DC40B5004BD807 /* FSCalendar.h */ = {isa = PBXFileReference; fileEncoding = 4; lastKnownFileType = sourcecode.c.h; path = FSCalendar.h; sourceTree = "<group>"; };
		4353BA1A22DC40B5004BD807 /* FSCalendarCell.h */ = {isa = PBXFileReference; fileEncoding = 4; lastKnownFileType = sourcecode.c.h; path = FSCalendarCell.h; sourceTree = "<group>"; };
		4353BA1B22DC40B5004BD807 /* FSCalendarTransitionCoordinator.m */ = {isa = PBXFileReference; fileEncoding = 4; lastKnownFileType = sourcecode.c.objc; path = FSCalendarTransitionCoordinator.m; sourceTree = "<group>"; };
		4353BA1C22DC40B5004BD807 /* Info.plist */ = {isa = PBXFileReference; fileEncoding = 4; lastKnownFileType = text.plist.xml; path = Info.plist; sourceTree = "<group>"; };
		4353BA1D22DC40B5004BD807 /* FSCalendarAppearance.m */ = {isa = PBXFileReference; fileEncoding = 4; lastKnownFileType = sourcecode.c.objc; path = FSCalendarAppearance.m; sourceTree = "<group>"; };
		4353BA2E22DC5149004BD807 /* Objc-Bridge-Header.h */ = {isa = PBXFileReference; lastKnownFileType = sourcecode.c.h; path = "Objc-Bridge-Header.h"; sourceTree = "<group>"; };
		4353BA3022DD7F41004BD807 /* SearchBarTableView.swift */ = {isa = PBXFileReference; lastKnownFileType = sourcecode.swift; path = SearchBarTableView.swift; sourceTree = "<group>"; };
		4353BA3222DDB7CF004BD807 /* FilterPeopleViewController.swift */ = {isa = PBXFileReference; lastKnownFileType = sourcecode.swift; path = FilterPeopleViewController.swift; sourceTree = "<group>"; };
		4353BA3422DDB7DA004BD807 /* FilterRemainsViewController.swift */ = {isa = PBXFileReference; lastKnownFileType = sourcecode.swift; path = FilterRemainsViewController.swift; sourceTree = "<group>"; };
		4353BA3622DEC90B004BD807 /* FindPassWordPageViewController.swift */ = {isa = PBXFileReference; fileEncoding = 4; lastKnownFileType = sourcecode.swift; path = FindPassWordPageViewController.swift; sourceTree = "<group>"; };
		4353BA3722DEC90B004BD807 /* InputPhoneNumberViewController.swift */ = {isa = PBXFileReference; fileEncoding = 4; lastKnownFileType = sourcecode.swift; path = InputPhoneNumberViewController.swift; sourceTree = "<group>"; };
		4353BA3822DEC90B004BD807 /* MakeIdPageViewController.swift */ = {isa = PBXFileReference; fileEncoding = 4; lastKnownFileType = sourcecode.swift; path = MakeIdPageViewController.swift; sourceTree = "<group>"; };
		4353BA3922DEC90B004BD807 /* OptionLoginPageViewController.swift */ = {isa = PBXFileReference; fileEncoding = 4; lastKnownFileType = sourcecode.swift; path = OptionLoginPageViewController.swift; sourceTree = "<group>"; };
		4353BA3A22DEC90B004BD807 /* LoginPageViewController.swift */ = {isa = PBXFileReference; fileEncoding = 4; lastKnownFileType = sourcecode.swift; path = LoginPageViewController.swift; sourceTree = "<group>"; };
		4353BA3B22DEC90B004BD807 /* SignUpMainViewController.swift */ = {isa = PBXFileReference; fileEncoding = 4; lastKnownFileType = sourcecode.swift; path = SignUpMainViewController.swift; sourceTree = "<group>"; };
		5895FA9D40FD45C305945B10 /* Pods_MyAirbnb.framework */ = {isa = PBXFileReference; explicitFileType = wrapper.framework; includeInIndex = 0; path = Pods_MyAirbnb.framework; sourceTree = BUILT_PRODUCTS_DIR; };
		8D0D786D22D07C9300F61F0B /* TripViewController.swift */ = {isa = PBXFileReference; lastKnownFileType = sourcecode.swift; path = TripViewController.swift; sourceTree = "<group>"; };
		8D0D786F22D07DE600F61F0B /* TripIntroTableViewCell.swift */ = {isa = PBXFileReference; lastKnownFileType = sourcecode.swift; path = TripIntroTableViewCell.swift; sourceTree = "<group>"; };
		8D0D787122D0810300F61F0B /* SpecialTripTableViewCell.swift */ = {isa = PBXFileReference; lastKnownFileType = sourcecode.swift; path = SpecialTripTableViewCell.swift; sourceTree = "<group>"; };
		8D0D787422D089AD00F61F0B /* TripIntroCollectionViewCell.swift */ = {isa = PBXFileReference; lastKnownFileType = sourcecode.swift; path = TripIntroCollectionViewCell.swift; sourceTree = "<group>"; };
		8D0D788322D209FB00F61F0B /* AirbnbCereal-Bold.ttf */ = {isa = PBXFileReference; lastKnownFileType = file; path = "AirbnbCereal-Bold.ttf"; sourceTree = "<group>"; };
		8D0D788422D209FB00F61F0B /* AirbnbCereal-Book.ttf */ = {isa = PBXFileReference; lastKnownFileType = file; path = "AirbnbCereal-Book.ttf"; sourceTree = "<group>"; };
		8D0D788522D209FB00F61F0B /* AirbnbCereal-Medium.ttf */ = {isa = PBXFileReference; lastKnownFileType = file; path = "AirbnbCereal-Medium.ttf"; sourceTree = "<group>"; };
		8D0D788922D20B9100F61F0B /* SpecialTripCollectionViewCell.swift */ = {isa = PBXFileReference; lastKnownFileType = sourcecode.swift; path = SpecialTripCollectionViewCell.swift; sourceTree = "<group>"; };
		8D0D788B22D2220700F61F0B /* SeoulRecommenedTripTableViewCell.swift */ = {isa = PBXFileReference; lastKnownFileType = sourcecode.swift; path = SeoulRecommenedTripTableViewCell.swift; sourceTree = "<group>"; };
		8D0D788D22D222A400F61F0B /* TripInfoCollectionViewCell.swift */ = {isa = PBXFileReference; lastKnownFileType = sourcecode.swift; path = TripInfoCollectionViewCell.swift; sourceTree = "<group>"; };
		8D0D789122D333BF00F61F0B /* TodaySeoulExperienceTableViewCell.swift */ = {isa = PBXFileReference; lastKnownFileType = sourcecode.swift; path = TodaySeoulExperienceTableViewCell.swift; sourceTree = "<group>"; };
		8D0D789922D3610C00F61F0B /* SeoulRecommendedDetailViewController.swift */ = {isa = PBXFileReference; lastKnownFileType = sourcecode.swift; path = SeoulRecommendedDetailViewController.swift; sourceTree = "<group>"; };
		8D0D789C22D3729000F61F0B /* Protocols.swift */ = {isa = PBXFileReference; lastKnownFileType = sourcecode.swift; name = Protocols.swift; path = MyAirbnb/Controller/Protocols.swift; sourceTree = SOURCE_ROOT; };
		8D0D78A022D4598200F61F0B /* TripIntroData.swift */ = {isa = PBXFileReference; lastKnownFileType = sourcecode.swift; path = TripIntroData.swift; sourceTree = "<group>"; };
		8D0D78A222D459AC00F61F0B /* SpecialTripData.swift */ = {isa = PBXFileReference; lastKnownFileType = sourcecode.swift; path = SpecialTripData.swift; sourceTree = "<group>"; };
		8D0D78A422D459C900F61F0B /* SeoulRecommendedTripData.swift */ = {isa = PBXFileReference; lastKnownFileType = sourcecode.swift; path = SeoulRecommendedTripData.swift; sourceTree = "<group>"; };
		8D0D78A622D459E200F61F0B /* TodaySeoulExperienceData.swift */ = {isa = PBXFileReference; lastKnownFileType = sourcecode.swift; path = TodaySeoulExperienceData.swift; sourceTree = "<group>"; };
		8D0D78A922D4754200F61F0B /* SeoulRecommendTableViewCell.swift */ = {isa = PBXFileReference; lastKnownFileType = sourcecode.swift; path = SeoulRecommendTableViewCell.swift; sourceTree = "<group>"; };
		8D0D78AB22D47AA700F61F0B /* InfoView.swift */ = {isa = PBXFileReference; lastKnownFileType = sourcecode.swift; path = InfoView.swift; sourceTree = "<group>"; };
		8D0D78AD22D485B000F61F0B /* SeoulRecommendDetailData.swift */ = {isa = PBXFileReference; lastKnownFileType = sourcecode.swift; path = SeoulRecommendDetailData.swift; sourceTree = "<group>"; };
		8D0D78AF22D48AE500F61F0B /* TopScrollView.swift */ = {isa = PBXFileReference; lastKnownFileType = sourcecode.swift; path = TopScrollView.swift; sourceTree = "<group>"; };
		8D0D78B122D4B71500F61F0B /* TableviewTopView.swift */ = {isa = PBXFileReference; lastKnownFileType = sourcecode.swift; path = TableviewTopView.swift; sourceTree = "<group>"; };
		8D0D78B322D5E5E600F61F0B /* BottomView.swift */ = {isa = PBXFileReference; lastKnownFileType = sourcecode.swift; path = BottomView.swift; sourceTree = "<group>"; };
		8D0D78B522D6060600F61F0B /* HostIntroTableViewCell.swift */ = {isa = PBXFileReference; lastKnownFileType = sourcecode.swift; path = HostIntroTableViewCell.swift; sourceTree = "<group>"; };
		8D0D78D922D74BDC00F61F0B /* PlaceTableViewCell.swift */ = {isa = PBXFileReference; lastKnownFileType = sourcecode.swift; path = PlaceTableViewCell.swift; sourceTree = "<group>"; };
		8D0D78DB22D74D2F00F61F0B /* PlaceData.swift */ = {isa = PBXFileReference; lastKnownFileType = sourcecode.swift; path = PlaceData.swift; sourceTree = "<group>"; };
		8D0D78DD22D864F700F61F0B /* SpecialTripDetailData.swift */ = {isa = PBXFileReference; lastKnownFileType = sourcecode.swift; path = SpecialTripDetailData.swift; sourceTree = "<group>"; };
		8D0D791B22DAFD8600F61F0B /* AccommodationView.swift */ = {isa = PBXFileReference; lastKnownFileType = sourcecode.swift; path = AccommodationView.swift; sourceTree = "<group>"; };
		8D0D791F22DB009100F61F0B /* AccommodationTopLabelTableCell.swift */ = {isa = PBXFileReference; lastKnownFileType = sourcecode.swift; path = AccommodationTopLabelTableCell.swift; sourceTree = "<group>"; };
		8D0D792222DB02D900F61F0B /* HouseViewController.swift */ = {isa = PBXFileReference; lastKnownFileType = sourcecode.swift; path = HouseViewController.swift; sourceTree = "<group>"; };
		8D0D792422DB29B200F61F0B /* HouseLuxeTableCell.swift */ = {isa = PBXFileReference; lastKnownFileType = sourcecode.swift; path = HouseLuxeTableCell.swift; sourceTree = "<group>"; };
		8D0D792622DB328900F61F0B /* HousePlusTableCell.swift */ = {isa = PBXFileReference; lastKnownFileType = sourcecode.swift; path = HousePlusTableCell.swift; sourceTree = "<group>"; };
		8D0D792822DB367800F61F0B /* HousePlusCollectionCell.swift */ = {isa = PBXFileReference; lastKnownFileType = sourcecode.swift; path = HousePlusCollectionCell.swift; sourceTree = "<group>"; };
		8D0D792E22DB7B2600F61F0B /* AllHouseLabelTableCell.swift */ = {isa = PBXFileReference; lastKnownFileType = sourcecode.swift; path = AllHouseLabelTableCell.swift; sourceTree = "<group>"; };
		8D0D793022DB841900F61F0B /* AllHousesTableCell.swift */ = {isa = PBXFileReference; lastKnownFileType = sourcecode.swift; path = AllHousesTableCell.swift; sourceTree = "<group>"; };
		8D0D793222DB86A100F61F0B /* AllHousesScrollImageView.swift */ = {isa = PBXFileReference; lastKnownFileType = sourcecode.swift; path = AllHousesScrollImageView.swift; sourceTree = "<group>"; };
		8D0D793422DC5F0700F61F0B /* TripLocalHostingViewController.swift */ = {isa = PBXFileReference; lastKnownFileType = sourcecode.swift; path = TripLocalHostingViewController.swift; sourceTree = "<group>"; };
		8D0D793822DC9A2900F61F0B /* VideosDetailViewController.swift */ = {isa = PBXFileReference; lastKnownFileType = sourcecode.swift; path = VideosDetailViewController.swift; sourceTree = "<group>"; };
		8D0D793B22DCA57B00F61F0B /* VideosDetailTableCell.swift */ = {isa = PBXFileReference; lastKnownFileType = sourcecode.swift; path = VideosDetailTableCell.swift; sourceTree = "<group>"; };
		8D0D793D22DD6C1600F61F0B /* VideoView.swift */ = {isa = PBXFileReference; lastKnownFileType = sourcecode.swift; path = VideoView.swift; sourceTree = "<group>"; };
		8D0D794122DDE50900F61F0B /* AVFoundationViewController.swift */ = {isa = PBXFileReference; lastKnownFileType = sourcecode.swift; path = AVFoundationViewController.swift; sourceTree = "<group>"; };
		8D0D794322DDE64900F61F0B /* VideoCollectionViewCell.swift */ = {isa = PBXFileReference; lastKnownFileType = sourcecode.swift; path = VideoCollectionViewCell.swift; sourceTree = "<group>"; };
		D11C85972DEC34ABFE5E5A06 /* Pods-MyAirbnb.debug.xcconfig */ = {isa = PBXFileReference; includeInIndex = 1; lastKnownFileType = text.xcconfig; name = "Pods-MyAirbnb.debug.xcconfig"; path = "Target Support Files/Pods-MyAirbnb/Pods-MyAirbnb.debug.xcconfig"; sourceTree = "<group>"; };
/* End PBXFileReference section */

/* Begin PBXFrameworksBuildPhase section */
		4353B8CB22CF51F6004BD807 /* Frameworks */ = {
			isa = PBXFrameworksBuildPhase;
			buildActionMask = 2147483647;
			files = (
				9F10F3C31A75AE56BBBE8FE9 /* Pods_MyAirbnb.framework in Frameworks */,
			);
			runOnlyForDeploymentPostprocessing = 0;
		};
/* End PBXFrameworksBuildPhase section */

/* Begin PBXGroup section */
		2080604222DDE6C5008672D9 /* LoginControllers */ = {
			isa = PBXGroup;
			children = (

				207FFE7A22DEC9EE0009E973 /* FindPassWordPageViewController.swift */,
				207FFE7622DEC9EE0009E973 /* InputPhoneNumberViewController.swift */,
				207FFE7822DEC9EE0009E973 /* LoginPageViewController.swift */,
				207FFE7922DEC9EE0009E973 /* MakeIdPageViewController.swift */,
				207FFE7B22DEC9EE0009E973 /* OptionLoginPageViewController.swift */,
				207FFE7722DEC9EE0009E973 /* SignUpMainViewController.swift */,
				2080604022DDC067008672D9 /* ConfirmNoticeViewController.swift */,
			);
			path = LoginControllers;
			sourceTree = "<group>";
		};
		4353B8C522CF51F6004BD807 = {
			isa = PBXGroup;
			children = (
				4353B8D022CF51F6004BD807 /* MyAirbnb */,
				4353B9FD22DC40B5004BD807 /* FSCalendar */,
				4353B8CF22CF51F6004BD807 /* Products */,
				C61D96A808C126AE8EE65879 /* Pods */,
				FA331391D291B05CC2A80C14 /* Frameworks */,
			);
			sourceTree = "<group>";
		};
		4353B8CF22CF51F6004BD807 /* Products */ = {
			isa = PBXGroup;
			children = (
				4353B8CE22CF51F6004BD807 /* MyAirbnb.app */,
			);
			name = Products;
			sourceTree = "<group>";
		};
		4353B8D022CF51F6004BD807 /* MyAirbnb */ = {
			isa = PBXGroup;
			children = (
				4353B8D122CF51F6004BD807 /* AppDelegate.swift */,
				8D0D789B22D3727000F61F0B /* Protocol */,
				4353B8EC22D085D5004BD807 /* Model */,
				4353B8EB22D085D3004BD807 /* View */,
				4353B8EA22D085D2004BD807 /* Controller */,
				4353B8DA22CF51F9004BD807 /* LaunchScreen.storyboard */,
				4353B8DD22CF51F9004BD807 /* Info.plist */,
				4353B90B22D4B755004BD807 /* Assets.xcassets */,
				8D0D788222D209AB00F61F0B /* Font */,
				4353B8E922D085D0004BD807 /* Extension */,
			);
			path = MyAirbnb;
			sourceTree = "<group>";
		};
		4353B8E922D085D0004BD807 /* Extension */ = {
			isa = PBXGroup;
			children = (
				4353B8FC22D47C02004BD807 /* UIExtension.swift */,
			);
			path = Extension;
			sourceTree = "<group>";
		};
		4353B8EA22D085D2004BD807 /* Controller */ = {
			isa = PBXGroup;
			children = (
				2080604222DDE6C5008672D9 /* LoginControllers */,
				4353B8ED22D088A3004BD807 /* TabbarController.swift */,
				4353B8E322D0797E004BD807 /* MainViewController.swift */,
				4353B9FB22DC3A69004BD807 /* CalenderViewController.swift */,
				4353BA3222DDB7CF004BD807 /* FilterPeopleViewController.swift */,
				4353BA3422DDB7DA004BD807 /* FilterRemainsViewController.swift */,
				8D0D789922D3610C00F61F0B /* SeoulRecommendedDetailViewController.swift */,
				4353B90F22D6DCCB004BD807 /* LoginTestViewController.swift */,
				8D0D792222DB02D900F61F0B /* HouseViewController.swift */,
				8D0D786D22D07C9300F61F0B /* TripViewController.swift */,
				8D0D794122DDE50900F61F0B /* AVFoundationViewController.swift */,
				8D0D793422DC5F0700F61F0B /* TripLocalHostingViewController.swift */,
				8D0D793822DC9A2900F61F0B /* VideosDetailViewController.swift */,
			);
			path = Controller;
			sourceTree = "<group>";
		};
		4353B8EB22D085D3004BD807 /* View */ = {
			isa = PBXGroup;
			children = (
				4353B8F522D3274E004BD807 /* Main */,
				8D0D792122DB020600F61F0B /* House */,
				8D0D787322D0898200F61F0B /* Trip */,
				4353B8EF22D22782004BD807 /* SearchBarView.swift */,
				4353BA3022DD7F41004BD807 /* SearchBarTableView.swift */,
			);
			path = View;
			sourceTree = "<group>";
		};
		4353B8EC22D085D5004BD807 /* Model */ = {
			isa = PBXGroup;
			children = (
				4353B90322D484FA004BD807 /* StandardUIValue.swift */,
				8D0D78A022D4598200F61F0B /* TripIntroData.swift */,
				8D0D78A222D459AC00F61F0B /* SpecialTripData.swift */,
				8D0D78A422D459C900F61F0B /* SeoulRecommendedTripData.swift */,
				8D0D78AD22D485B000F61F0B /* SeoulRecommendDetailData.swift */,
				8D0D78A622D459E200F61F0B /* TodaySeoulExperienceData.swift */,
				8D0D78DB22D74D2F00F61F0B /* PlaceData.swift */,
				8D0D78DD22D864F700F61F0B /* SpecialTripDetailData.swift */,
			);
			path = Model;
			sourceTree = "<group>";
		};
		4353B8F522D3274E004BD807 /* Main */ = {
			isa = PBXGroup;
			children = (
				4353B8F122D319F2004BD807 /* MainView.swift */,
				4353B8F322D31D68004BD807 /* MainCategoryTableCell.swift */,
				4353B8F622D327C2004BD807 /* MainCategoryCollectCell.swift */,
				4353B90922D4A5A6004BD807 /* MainRecommendHouseTableCell.swift */,
				4353B90722D48EB8004BD807 /* MainRecommendHouseCollectCell.swift */,
				4353B90D22D5AE12004BD807 /* MainFullImageTableCell.swift */,
				4353B91522D755F1004BD807 /* MainLuxeHouseTableCell.swift */,
				4353B91722D75605004BD807 /* MainLuxeHouseCollectCell.swift */,
				4353B91122D73B80004BD807 /* FourSquareTableCell.swift */,
				4353B91322D73E0D004BD807 /* FourSquareCollectCell.swift */,
			);
			path = Main;
			sourceTree = "<group>";
		};
		4353B9FD22DC40B5004BD807 /* FSCalendar */ = {
			isa = PBXGroup;
			children = (
				4353BA2E22DC5149004BD807 /* Objc-Bridge-Header.h */,
				4353B9FE22DC40B5004BD807 /* FSCalendarCollectionView.m */,
				4353B9FF22DC40B5004BD807 /* FSCalendarWeekdayView.h */,
				4353BA0022DC40B5004BD807 /* FSCalendarCollectionViewLayout.h */,
				4353BA0122DC40B5004BD807 /* FSCalendarDelegationProxy.m */,
				4353BA0222DC40B5004BD807 /* FSCalendarExtensions.h */,
				4353BA0322DC40B5004BD807 /* FSCalendarDelegationFactory.m */,
				4353BA0422DC40B5004BD807 /* FSCalendarSeparatorDecorationView.h */,
				4353BA0522DC40B5004BD807 /* FSCalendarCalculator.h */,
				4353BA0622DC40B5004BD807 /* FSCalendarHeaderView.h */,
				4353BA0722DC40B5004BD807 /* FSCalendarConstants.h */,
				4353BA0822DC40B5004BD807 /* FSCalendarAppearance.h */,
				4353BA0922DC40B5004BD807 /* FSCalendarTransitionCoordinator.h */,
				4353BA0A22DC40B5004BD807 /* FSCalendarCell.m */,
				4353BA0B22DC40B5004BD807 /* FSCalendarStickyHeader.m */,
				4353BA0C22DC40B5004BD807 /* FSCalendar.m */,
				4353BA0D22DC40B5004BD807 /* FSCalendarCollectionViewLayout.m */,
				4353BA0E22DC40B5004BD807 /* FSCalendarWeekdayView.m */,
				4353BA0F22DC40B5004BD807 /* FSCalendarCollectionView.h */,
				4353BA1022DC40B5004BD807 /* FSCalendarDynamicHeader.h */,
				4353BA1122DC40B5004BD807 /* FSCalendarSeparatorDecorationView.m */,
				4353BA1222DC40B5004BD807 /* FSCalendarDelegationFactory.h */,
				4353BA1322DC40B5004BD807 /* FSCalendarExtensions.m */,
				4353BA1422DC40B5004BD807 /* FSCalendarDelegationProxy.h */,
				4353BA1522DC40B5004BD807 /* FSCalendarConstants.m */,
				4353BA1622DC40B5004BD807 /* FSCalendarCalculator.m */,
				4353BA1722DC40B5004BD807 /* FSCalendarHeaderView.m */,
				4353BA1822DC40B5004BD807 /* FSCalendarStickyHeader.h */,
				4353BA1922DC40B5004BD807 /* FSCalendar.h */,
				4353BA1A22DC40B5004BD807 /* FSCalendarCell.h */,
				4353BA1B22DC40B5004BD807 /* FSCalendarTransitionCoordinator.m */,
				4353BA1C22DC40B5004BD807 /* Info.plist */,
				4353BA1D22DC40B5004BD807 /* FSCalendarAppearance.m */,
			);
			path = FSCalendar;
			sourceTree = "<group>";
		};
		8D0D787322D0898200F61F0B /* Trip */ = {
			isa = PBXGroup;
			children = (
				8D0D786F22D07DE600F61F0B /* TripIntroTableViewCell.swift */,
				8D0D787422D089AD00F61F0B /* TripIntroCollectionViewCell.swift */,
				8D0D787122D0810300F61F0B /* SpecialTripTableViewCell.swift */,
				8D0D788922D20B9100F61F0B /* SpecialTripCollectionViewCell.swift */,
				8D0D788B22D2220700F61F0B /* SeoulRecommenedTripTableViewCell.swift */,
				8D0D789122D333BF00F61F0B /* TodaySeoulExperienceTableViewCell.swift */,
				8D0D788D22D222A400F61F0B /* TripInfoCollectionViewCell.swift */,
				8D0D78A822D474FE00F61F0B /* SeoulRecommendTrip */,
				8D0D793A22DCA53C00F61F0B /* LocalHosting */,
			);
			path = Trip;
			sourceTree = "<group>";
		};
		8D0D788222D209AB00F61F0B /* Font */ = {
			isa = PBXGroup;
			children = (
				8D0D788322D209FB00F61F0B /* AirbnbCereal-Bold.ttf */,
				8D0D788422D209FB00F61F0B /* AirbnbCereal-Book.ttf */,
				8D0D788522D209FB00F61F0B /* AirbnbCereal-Medium.ttf */,
			);
			path = Font;
			sourceTree = "<group>";
		};
		8D0D789B22D3727000F61F0B /* Protocol */ = {
			isa = PBXGroup;
			children = (
				8D0D789C22D3729000F61F0B /* Protocols.swift */,
			);
			name = Protocol;
			path = Model/MyAirbnb/Model/Protocol;
			sourceTree = "<group>";
		};
		8D0D78A822D474FE00F61F0B /* SeoulRecommendTrip */ = {
			isa = PBXGroup;
			children = (
				8D0D78B122D4B71500F61F0B /* TableviewTopView.swift */,
				8D0D78AF22D48AE500F61F0B /* TopScrollView.swift */,
				8D0D78AB22D47AA700F61F0B /* InfoView.swift */,
				8D0D78B322D5E5E600F61F0B /* BottomView.swift */,
				8D0D78A922D4754200F61F0B /* SeoulRecommendTableViewCell.swift */,
				8D0D78B522D6060600F61F0B /* HostIntroTableViewCell.swift */,
				8D0D78D922D74BDC00F61F0B /* PlaceTableViewCell.swift */,
			);
			path = SeoulRecommendTrip;
			sourceTree = "<group>";
		};
		8D0D792122DB020600F61F0B /* House */ = {
			isa = PBXGroup;
			children = (
				8D0D791B22DAFD8600F61F0B /* AccommodationView.swift */,
				8D0D791F22DB009100F61F0B /* AccommodationTopLabelTableCell.swift */,
				8D0D792422DB29B200F61F0B /* HouseLuxeTableCell.swift */,
				8D0D792622DB328900F61F0B /* HousePlusTableCell.swift */,
				8D0D792822DB367800F61F0B /* HousePlusCollectionCell.swift */,
				8D0D792E22DB7B2600F61F0B /* AllHouseLabelTableCell.swift */,
				8D0D793022DB841900F61F0B /* AllHousesTableCell.swift */,
				8D0D793222DB86A100F61F0B /* AllHousesScrollImageView.swift */,
			);
			path = House;
			sourceTree = "<group>";
		};
		8D0D793A22DCA53C00F61F0B /* LocalHosting */ = {
			isa = PBXGroup;
			children = (
				8D0D793D22DD6C1600F61F0B /* VideoView.swift */,
				8D0D794322DDE64900F61F0B /* VideoCollectionViewCell.swift */,
				8D0D793B22DCA57B00F61F0B /* VideosDetailTableCell.swift */,
			);
			path = LocalHosting;
			sourceTree = "<group>";
		};
		C61D96A808C126AE8EE65879 /* Pods */ = {
			isa = PBXGroup;
			children = (
				D11C85972DEC34ABFE5E5A06 /* Pods-MyAirbnb.debug.xcconfig */,
				1B374C2A2B972FE4E8580B8D /* Pods-MyAirbnb.release.xcconfig */,
			);
			path = Pods;
			sourceTree = "<group>";
		};
		FA331391D291B05CC2A80C14 /* Frameworks */ = {
			isa = PBXGroup;
			children = (
				5895FA9D40FD45C305945B10 /* Pods_MyAirbnb.framework */,
			);
			name = Frameworks;
			sourceTree = "<group>";
		};
/* End PBXGroup section */

/* Begin PBXNativeTarget section */
		4353B8CD22CF51F6004BD807 /* MyAirbnb */ = {
			isa = PBXNativeTarget;
			buildConfigurationList = 4353B8E022CF51F9004BD807 /* Build configuration list for PBXNativeTarget "MyAirbnb" */;
			buildPhases = (
				F59CB371D117C8F32C2AAD61 /* [CP] Check Pods Manifest.lock */,
				4353B8CA22CF51F6004BD807 /* Sources */,
				4353B8CB22CF51F6004BD807 /* Frameworks */,
				4353B8CC22CF51F6004BD807 /* Resources */,
			);
			buildRules = (
			);
			dependencies = (
			);
			name = MyAirbnb;
			productName = MyAirbnb;
			productReference = 4353B8CE22CF51F6004BD807 /* MyAirbnb.app */;
			productType = "com.apple.product-type.application";
		};
/* End PBXNativeTarget section */

/* Begin PBXProject section */
		4353B8C622CF51F6004BD807 /* Project object */ = {
			isa = PBXProject;
			attributes = {
				LastSwiftUpdateCheck = 1020;
				LastUpgradeCheck = 1020;
				ORGANIZATIONNAME = "Alex Lee";
				TargetAttributes = {
					4353B8CD22CF51F6004BD807 = {
						CreatedOnToolsVersion = 10.2;
					};
				};
			};
			buildConfigurationList = 4353B8C922CF51F6004BD807 /* Build configuration list for PBXProject "MyAirbnb" */;
			compatibilityVersion = "Xcode 9.3";
			developmentRegion = en;
			hasScannedForEncodings = 0;
			knownRegions = (
				en,
				Base,
			);
			mainGroup = 4353B8C522CF51F6004BD807;
			productRefGroup = 4353B8CF22CF51F6004BD807 /* Products */;
			projectDirPath = "";
			projectRoot = "";
			targets = (
				4353B8CD22CF51F6004BD807 /* MyAirbnb */,
			);
		};
/* End PBXProject section */

/* Begin PBXResourcesBuildPhase section */
		4353B8CC22CF51F6004BD807 /* Resources */ = {
			isa = PBXResourcesBuildPhase;
			buildActionMask = 2147483647;
			files = (
				4353B8DC22CF51F9004BD807 /* LaunchScreen.storyboard in Resources */,
				8D0D788822D20A0400F61F0B /* AirbnbCereal-Medium.ttf in Resources */,
				8D0D788622D20A0000F61F0B /* AirbnbCereal-Bold.ttf in Resources */,
				8D0D788722D20A0200F61F0B /* AirbnbCereal-Book.ttf in Resources */,
				4353B90C22D4B755004BD807 /* Assets.xcassets in Resources */,
			);
			runOnlyForDeploymentPostprocessing = 0;
		};
/* End PBXResourcesBuildPhase section */

/* Begin PBXShellScriptBuildPhase section */
		F59CB371D117C8F32C2AAD61 /* [CP] Check Pods Manifest.lock */ = {
			isa = PBXShellScriptBuildPhase;
			buildActionMask = 2147483647;
			files = (
			);
			inputFileListPaths = (
			);
			inputPaths = (
				"${PODS_PODFILE_DIR_PATH}/Podfile.lock",
				"${PODS_ROOT}/Manifest.lock",
			);
			name = "[CP] Check Pods Manifest.lock";
			outputFileListPaths = (
			);
			outputPaths = (
				"$(DERIVED_FILE_DIR)/Pods-MyAirbnb-checkManifestLockResult.txt",
			);
			runOnlyForDeploymentPostprocessing = 0;
			shellPath = /bin/sh;
			shellScript = "diff \"${PODS_PODFILE_DIR_PATH}/Podfile.lock\" \"${PODS_ROOT}/Manifest.lock\" > /dev/null\nif [ $? != 0 ] ; then\n    # print error to STDERR\n    echo \"error: The sandbox is not in sync with the Podfile.lock. Run 'pod install' or update your CocoaPods installation.\" >&2\n    exit 1\nfi\n# This output is used by Xcode 'outputs' to avoid re-running this script phase.\necho \"SUCCESS\" > \"${SCRIPT_OUTPUT_FILE_0}\"\n";
			showEnvVarsInLog = 0;
		};
/* End PBXShellScriptBuildPhase section */

/* Begin PBXSourcesBuildPhase section */
		4353B8CA22CF51F6004BD807 /* Sources */ = {
			isa = PBXSourcesBuildPhase;
			buildActionMask = 2147483647;
			files = (
				8D0D793922DC9A2900F61F0B /* VideosDetailViewController.swift in Sources */,
				8D0D78B022D48AE500F61F0B /* TopScrollView.swift in Sources */,
				8D0D787222D0810300F61F0B /* SpecialTripTableViewCell.swift in Sources */,
				4353BA2222DC40B5004BD807 /* FSCalendarStickyHeader.m in Sources */,
				207FFE7C22DEC9EE0009E973 /* InputPhoneNumberViewController.swift in Sources */,
				8D0D78A322D459AC00F61F0B /* SpecialTripData.swift in Sources */,
				8D0D793122DB841900F61F0B /* AllHousesTableCell.swift in Sources */,
				8D0D789222D333BF00F61F0B /* TodaySeoulExperienceTableViewCell.swift in Sources */,
				8D0D78DC22D74D2F00F61F0B /* PlaceData.swift in Sources */,
				4353B8F222D319F2004BD807 /* MainView.swift in Sources */,
				4353B8EE22D088A3004BD807 /* TabbarController.swift in Sources */,
				4353B8FD22D47C02004BD807 /* UIExtension.swift in Sources */,

				207FFE7E22DEC9EE0009E973 /* LoginPageViewController.swift in Sources */,

				4353BA2D22DC40B5004BD807 /* FSCalendarAppearance.m in Sources */,
				8D0D78A722D459E200F61F0B /* TodaySeoulExperienceData.swift in Sources */,
				8D0D78A522D459C900F61F0B /* SeoulRecommendedTripData.swift in Sources */,
				8D0D793C22DCA57B00F61F0B /* VideosDetailTableCell.swift in Sources */,
				8D0D78B222D4B71500F61F0B /* TableviewTopView.swift in Sources */,
				8D0D78DA22D74BDC00F61F0B /* PlaceTableViewCell.swift in Sources */,
				8D0D78DE22D864F700F61F0B /* SpecialTripDetailData.swift in Sources */,
				8D0D789D22D3729000F61F0B /* Protocols.swift in Sources */,
				4353BA2122DC40B5004BD807 /* FSCalendarCell.m in Sources */,
				4353BA3522DDB7DA004BD807 /* FilterRemainsViewController.swift in Sources */,
				8D0D78AE22D485B000F61F0B /* SeoulRecommendDetailData.swift in Sources */,
				4353BA3E22DEC90B004BD807 /* MakeIdPageViewController.swift in Sources */,
				8D0D78A122D4598200F61F0B /* TripIntroData.swift in Sources */,
				8D0D793522DC5F0700F61F0B /* TripLocalHostingViewController.swift in Sources */,
				8D0D788E22D222A400F61F0B /* TripInfoCollectionViewCell.swift in Sources */,
				8D0D78B422D5E5E600F61F0B /* BottomView.swift in Sources */,
				8D0D786E22D07C9300F61F0B /* TripViewController.swift in Sources */,
				4353BA3122DD7F41004BD807 /* SearchBarTableView.swift in Sources */,
				4353BA3322DDB7CF004BD807 /* FilterPeopleViewController.swift in Sources */,
				4353B91222D73B80004BD807 /* FourSquareTableCell.swift in Sources */,
				207FFE7F22DEC9EE0009E973 /* MakeIdPageViewController.swift in Sources */,
				8D0D792722DB328900F61F0B /* HousePlusTableCell.swift in Sources */,
				4353BA3D22DEC90B004BD807 /* InputPhoneNumberViewController.swift in Sources */,
				8D0D78AA22D4754200F61F0B /* SeoulRecommendTableViewCell.swift in Sources */,
				4353B8F822D327C2004BD807 /* MainCategoryCollectCell.swift in Sources */,
				4353BA2322DC40B5004BD807 /* FSCalendar.m in Sources */,
				8D0D788C22D2220700F61F0B /* SeoulRecommenedTripTableViewCell.swift in Sources */,
				4353B8F422D31D68004BD807 /* MainCategoryTableCell.swift in Sources */,
				207FFE7D22DEC9EE0009E973 /* SignUpMainViewController.swift in Sources */,
				4353BA2522DC40B5004BD807 /* FSCalendarWeekdayView.m in Sources */,

				207FFE8022DEC9EE0009E973 /* FindPassWordPageViewController.swift in Sources */,

				4353BA4022DEC90B004BD807 /* LoginPageViewController.swift in Sources */,

				8D0D78AC22D47AA700F61F0B /* InfoView.swift in Sources */,
				4353B91822D75605004BD807 /* MainLuxeHouseCollectCell.swift in Sources */,
				8D0D792F22DB7B2600F61F0B /* AllHouseLabelTableCell.swift in Sources */,
				4353BA2822DC40B5004BD807 /* FSCalendarConstants.m in Sources */,
				2080604122DDC067008672D9 /* ConfirmNoticeViewController.swift in Sources */,
				4353BA3F22DEC90B004BD807 /* OptionLoginPageViewController.swift in Sources */,
				8D0D787522D089AD00F61F0B /* TripIntroCollectionViewCell.swift in Sources */,
				4353BA2922DC40B5004BD807 /* FSCalendarCalculator.m in Sources */,
				4353B8F022D22782004BD807 /* SearchBarView.swift in Sources */,
				4353B91022D6DCCB004BD807 /* LoginTestViewController.swift in Sources */,
				4353BA2422DC40B5004BD807 /* FSCalendarCollectionViewLayout.m in Sources */,
				8D0D787022D07DE600F61F0B /* TripIntroTableViewCell.swift in Sources */,
				8D0D788A22D20B9100F61F0B /* SpecialTripCollectionViewCell.swift in Sources */,
				8D0D792522DB29B200F61F0B /* HouseLuxeTableCell.swift in Sources */,
				4353B9FC22DC3A69004BD807 /* CalenderViewController.swift in Sources */,
				4353B90822D48EB8004BD807 /* MainRecommendHouseCollectCell.swift in Sources */,
				4353B90E22D5AE12004BD807 /* MainFullImageTableCell.swift in Sources */,
				8D0D794422DDE64900F61F0B /* VideoCollectionViewCell.swift in Sources */,
				4353BA2022DC40B5004BD807 /* FSCalendarDelegationFactory.m in Sources */,
				8D0D792022DB009100F61F0B /* AccommodationTopLabelTableCell.swift in Sources */,
				4353BA3C22DEC90B004BD807 /* FindPassWordPageViewController.swift in Sources */,
				4353B91422D73E0D004BD807 /* FourSquareCollectCell.swift in Sources */,
				4353B8E422D0797E004BD807 /* MainViewController.swift in Sources */,
				8D0D794222DDE50900F61F0B /* AVFoundationViewController.swift in Sources */,
				8D0D789A22D3610C00F61F0B /* SeoulRecommendedDetailViewController.swift in Sources */,
				4353BA2A22DC40B5004BD807 /* FSCalendarHeaderView.m in Sources */,
				4353B90A22D4A5A6004BD807 /* MainRecommendHouseTableCell.swift in Sources */,
				4353BA2722DC40B5004BD807 /* FSCalendarExtensions.m in Sources */,
				4353BA2B22DC40B5004BD807 /* FSCalendarTransitionCoordinator.m in Sources */,
				4353BA1F22DC40B5004BD807 /* FSCalendarDelegationProxy.m in Sources */,
				8D0D791C22DAFD8600F61F0B /* AccommodationView.swift in Sources */,
				4353BA2622DC40B5004BD807 /* FSCalendarSeparatorDecorationView.m in Sources */,
				8D0D792322DB02D900F61F0B /* HouseViewController.swift in Sources */,
				4353BA4122DEC90B004BD807 /* SignUpMainViewController.swift in Sources */,
				8D0D793E22DD6C1600F61F0B /* VideoView.swift in Sources */,
				4353BA1E22DC40B5004BD807 /* FSCalendarCollectionView.m in Sources */,
				4353B8D222CF51F6004BD807 /* AppDelegate.swift in Sources */,
				207FFE8122DEC9EE0009E973 /* OptionLoginPageViewController.swift in Sources */,
				4353B91622D755F1004BD807 /* MainLuxeHouseTableCell.swift in Sources */,
				8D0D78B622D6060600F61F0B /* HostIntroTableViewCell.swift in Sources */,
				4353B90422D484FA004BD807 /* StandardUIValue.swift in Sources */,
				8D0D793322DB86A100F61F0B /* AllHousesScrollImageView.swift in Sources */,
				8D0D792922DB367800F61F0B /* HousePlusCollectionCell.swift in Sources */,
			);
			runOnlyForDeploymentPostprocessing = 0;
		};
/* End PBXSourcesBuildPhase section */

/* Begin PBXVariantGroup section */
		4353B8DA22CF51F9004BD807 /* LaunchScreen.storyboard */ = {
			isa = PBXVariantGroup;
			children = (
				4353B8DB22CF51F9004BD807 /* Base */,
			);
			name = LaunchScreen.storyboard;
			sourceTree = "<group>";
		};
/* End PBXVariantGroup section */

/* Begin XCBuildConfiguration section */
		4353B8DE22CF51F9004BD807 /* Debug */ = {
			isa = XCBuildConfiguration;
			buildSettings = {
				ALWAYS_SEARCH_USER_PATHS = NO;
				CLANG_ANALYZER_NONNULL = YES;
				CLANG_ANALYZER_NUMBER_OBJECT_CONVERSION = YES_AGGRESSIVE;
				CLANG_CXX_LANGUAGE_STANDARD = "gnu++14";
				CLANG_CXX_LIBRARY = "libc++";
				CLANG_ENABLE_MODULES = YES;
				CLANG_ENABLE_OBJC_ARC = YES;
				CLANG_ENABLE_OBJC_WEAK = YES;
				CLANG_WARN_BLOCK_CAPTURE_AUTORELEASING = YES;
				CLANG_WARN_BOOL_CONVERSION = YES;
				CLANG_WARN_COMMA = YES;
				CLANG_WARN_CONSTANT_CONVERSION = YES;
				CLANG_WARN_DEPRECATED_OBJC_IMPLEMENTATIONS = YES;
				CLANG_WARN_DIRECT_OBJC_ISA_USAGE = YES_ERROR;
				CLANG_WARN_DOCUMENTATION_COMMENTS = YES;
				CLANG_WARN_EMPTY_BODY = YES;
				CLANG_WARN_ENUM_CONVERSION = YES;
				CLANG_WARN_INFINITE_RECURSION = YES;
				CLANG_WARN_INT_CONVERSION = YES;
				CLANG_WARN_NON_LITERAL_NULL_CONVERSION = YES;
				CLANG_WARN_OBJC_IMPLICIT_RETAIN_SELF = YES;
				CLANG_WARN_OBJC_LITERAL_CONVERSION = YES;
				CLANG_WARN_OBJC_ROOT_CLASS = YES_ERROR;
				CLANG_WARN_RANGE_LOOP_ANALYSIS = YES;
				CLANG_WARN_STRICT_PROTOTYPES = YES;
				CLANG_WARN_SUSPICIOUS_MOVE = YES;
				CLANG_WARN_UNGUARDED_AVAILABILITY = YES_AGGRESSIVE;
				CLANG_WARN_UNREACHABLE_CODE = YES;
				CLANG_WARN__DUPLICATE_METHOD_MATCH = YES;
				CODE_SIGN_IDENTITY = "iPhone Developer";
				COPY_PHASE_STRIP = NO;
				DEBUG_INFORMATION_FORMAT = dwarf;
				ENABLE_STRICT_OBJC_MSGSEND = YES;
				ENABLE_TESTABILITY = YES;
				GCC_C_LANGUAGE_STANDARD = gnu11;
				GCC_DYNAMIC_NO_PIC = NO;
				GCC_NO_COMMON_BLOCKS = YES;
				GCC_OPTIMIZATION_LEVEL = 0;
				GCC_PREPROCESSOR_DEFINITIONS = (
					"DEBUG=1",
					"$(inherited)",
				);
				GCC_WARN_64_TO_32_BIT_CONVERSION = YES;
				GCC_WARN_ABOUT_RETURN_TYPE = YES_ERROR;
				GCC_WARN_UNDECLARED_SELECTOR = YES;
				GCC_WARN_UNINITIALIZED_AUTOS = YES_AGGRESSIVE;
				GCC_WARN_UNUSED_FUNCTION = YES;
				GCC_WARN_UNUSED_VARIABLE = YES;
				IPHONEOS_DEPLOYMENT_TARGET = 12.2;
				MTL_ENABLE_DEBUG_INFO = INCLUDE_SOURCE;
				MTL_FAST_MATH = YES;
				ONLY_ACTIVE_ARCH = YES;
				SDKROOT = iphoneos;
				SWIFT_ACTIVE_COMPILATION_CONDITIONS = DEBUG;
				SWIFT_OPTIMIZATION_LEVEL = "-Onone";
			};
			name = Debug;
		};
		4353B8DF22CF51F9004BD807 /* Release */ = {
			isa = XCBuildConfiguration;
			buildSettings = {
				ALWAYS_SEARCH_USER_PATHS = NO;
				CLANG_ANALYZER_NONNULL = YES;
				CLANG_ANALYZER_NUMBER_OBJECT_CONVERSION = YES_AGGRESSIVE;
				CLANG_CXX_LANGUAGE_STANDARD = "gnu++14";
				CLANG_CXX_LIBRARY = "libc++";
				CLANG_ENABLE_MODULES = YES;
				CLANG_ENABLE_OBJC_ARC = YES;
				CLANG_ENABLE_OBJC_WEAK = YES;
				CLANG_WARN_BLOCK_CAPTURE_AUTORELEASING = YES;
				CLANG_WARN_BOOL_CONVERSION = YES;
				CLANG_WARN_COMMA = YES;
				CLANG_WARN_CONSTANT_CONVERSION = YES;
				CLANG_WARN_DEPRECATED_OBJC_IMPLEMENTATIONS = YES;
				CLANG_WARN_DIRECT_OBJC_ISA_USAGE = YES_ERROR;
				CLANG_WARN_DOCUMENTATION_COMMENTS = YES;
				CLANG_WARN_EMPTY_BODY = YES;
				CLANG_WARN_ENUM_CONVERSION = YES;
				CLANG_WARN_INFINITE_RECURSION = YES;
				CLANG_WARN_INT_CONVERSION = YES;
				CLANG_WARN_NON_LITERAL_NULL_CONVERSION = YES;
				CLANG_WARN_OBJC_IMPLICIT_RETAIN_SELF = YES;
				CLANG_WARN_OBJC_LITERAL_CONVERSION = YES;
				CLANG_WARN_OBJC_ROOT_CLASS = YES_ERROR;
				CLANG_WARN_RANGE_LOOP_ANALYSIS = YES;
				CLANG_WARN_STRICT_PROTOTYPES = YES;
				CLANG_WARN_SUSPICIOUS_MOVE = YES;
				CLANG_WARN_UNGUARDED_AVAILABILITY = YES_AGGRESSIVE;
				CLANG_WARN_UNREACHABLE_CODE = YES;
				CLANG_WARN__DUPLICATE_METHOD_MATCH = YES;
				CODE_SIGN_IDENTITY = "iPhone Developer";
				COPY_PHASE_STRIP = NO;
				DEBUG_INFORMATION_FORMAT = "dwarf-with-dsym";
				ENABLE_NS_ASSERTIONS = NO;
				ENABLE_STRICT_OBJC_MSGSEND = YES;
				GCC_C_LANGUAGE_STANDARD = gnu11;
				GCC_NO_COMMON_BLOCKS = YES;
				GCC_WARN_64_TO_32_BIT_CONVERSION = YES;
				GCC_WARN_ABOUT_RETURN_TYPE = YES_ERROR;
				GCC_WARN_UNDECLARED_SELECTOR = YES;
				GCC_WARN_UNINITIALIZED_AUTOS = YES_AGGRESSIVE;
				GCC_WARN_UNUSED_FUNCTION = YES;
				GCC_WARN_UNUSED_VARIABLE = YES;
				IPHONEOS_DEPLOYMENT_TARGET = 12.2;
				MTL_ENABLE_DEBUG_INFO = NO;
				MTL_FAST_MATH = YES;
				SDKROOT = iphoneos;
				SWIFT_COMPILATION_MODE = wholemodule;
				SWIFT_OPTIMIZATION_LEVEL = "-O";
				VALIDATE_PRODUCT = YES;
			};
			name = Release;
		};
		4353B8E122CF51F9004BD807 /* Debug */ = {
			isa = XCBuildConfiguration;
			baseConfigurationReference = D11C85972DEC34ABFE5E5A06 /* Pods-MyAirbnb.debug.xcconfig */;
			buildSettings = {
				ASSETCATALOG_COMPILER_APPICON_NAME = AppIcon;
				CODE_SIGN_STYLE = Automatic;

				DEVELOPMENT_TEAM = 5AVJM299X4;

				INFOPLIST_FILE = MyAirbnb/Info.plist;
				LD_RUNPATH_SEARCH_PATHS = (
					"$(inherited)",
					"@executable_path/Frameworks",
				);

				PRODUCT_BUNDLE_IDENTIFIER = kr.AlexLee0427.MyAirbnb;

				PRODUCT_NAME = "$(TARGET_NAME)";
				SWIFT_OBJC_BRIDGING_HEADER = "./FSCalendar/Objc-Bridge-Header.h";
				SWIFT_VERSION = 5.0;
				TARGETED_DEVICE_FAMILY = "1,2";
			};
			name = Debug;
		};
		4353B8E222CF51F9004BD807 /* Release */ = {
			isa = XCBuildConfiguration;
			baseConfigurationReference = 1B374C2A2B972FE4E8580B8D /* Pods-MyAirbnb.release.xcconfig */;
			buildSettings = {
				ASSETCATALOG_COMPILER_APPICON_NAME = AppIcon;
				CODE_SIGN_STYLE = Automatic;

				DEVELOPMENT_TEAM = 5AVJM299X4;

				INFOPLIST_FILE = MyAirbnb/Info.plist;
				LD_RUNPATH_SEARCH_PATHS = (
					"$(inherited)",
					"@executable_path/Frameworks",
				);

				PRODUCT_BUNDLE_IDENTIFIER = kr.AlexLee0427.MyAirbnb;

				PRODUCT_NAME = "$(TARGET_NAME)";
				SWIFT_OBJC_BRIDGING_HEADER = "./FSCalendar/Objc-Bridge-Header.h";
				SWIFT_VERSION = 5.0;
				TARGETED_DEVICE_FAMILY = "1,2";
			};
			name = Release;
		};
/* End XCBuildConfiguration section */

/* Begin XCConfigurationList section */
		4353B8C922CF51F6004BD807 /* Build configuration list for PBXProject "MyAirbnb" */ = {
			isa = XCConfigurationList;
			buildConfigurations = (
				4353B8DE22CF51F9004BD807 /* Debug */,
				4353B8DF22CF51F9004BD807 /* Release */,
			);
			defaultConfigurationIsVisible = 0;
			defaultConfigurationName = Release;
		};
		4353B8E022CF51F9004BD807 /* Build configuration list for PBXNativeTarget "MyAirbnb" */ = {
			isa = XCConfigurationList;
			buildConfigurations = (
				4353B8E122CF51F9004BD807 /* Debug */,
				4353B8E222CF51F9004BD807 /* Release */,
			);
			defaultConfigurationIsVisible = 0;
			defaultConfigurationName = Release;
		};
/* End XCConfigurationList section */
	};
	rootObject = 4353B8C622CF51F6004BD807 /* Project object */;
}
